// !$*UTF8*$!
{
	archiveVersion = 1;
	classes = {
	};
	objectVersion = 45;
	objects = {

/* Begin PBXBuildFile section */
		1DDD582C0DA1D0D100B32029 /* HaskellDocument.xib in Resources */ = {isa = PBXBuildFile; fileRef = 1DDD58280DA1D0D100B32029 /* HaskellDocument.xib */; };
		1DDD582D0DA1D0D100B32029 /* MainMenu.xib in Resources */ = {isa = PBXBuildFile; fileRef = 1DDD582A0DA1D0D100B32029 /* MainMenu.xib */; };
		8A247C9911791D8E008E7210 /* LambdaIcon.icns in Resources */ = {isa = PBXBuildFile; fileRef = 8A247C9811791D8E008E7210 /* LambdaIcon.icns */; };
		8A247CA011792AFB008E7210 /* hsfile.icns in Resources */ = {isa = PBXBuildFile; fileRef = 8A247C9E11792AFB008E7210 /* hsfile.icns */; };
		8A247CA111792AFB008E7210 /* lhsFile.icns in Resources */ = {isa = PBXBuildFile; fileRef = 8A247C9F11792AFB008E7210 /* lhsFile.icns */; };
		8A247CA611792BF9008E7210 /* HaskellDocument.m in Sources */ = {isa = PBXBuildFile; fileRef = 8A247CA511792BF9008E7210 /* HaskellDocument.m */; };
		8A247D0E11794EC1008E7210 /* HcodeDelegate.m in Sources */ = {isa = PBXBuildFile; fileRef = 8A247D0D11794EC1008E7210 /* HcodeDelegate.m */; };
		8A247D9A1179F1A8008E7210 /* CodeView.m in Sources */ = {isa = PBXBuildFile; fileRef = 8A247D991179F1A8008E7210 /* CodeView.m */; };
		8A4766C4119B219800B1AA85 /* Hicon-2.icns in Resources */ = {isa = PBXBuildFile; fileRef = 8A4766C3119B219800B1AA85 /* Hicon-2.icns */; };
		8A7857621187DD7D00FF8E98 /* Hicon.icns in Resources */ = {isa = PBXBuildFile; fileRef = 8A7857611187DD7D00FF8E98 /* Hicon.icns */; };
		8AB0C570119A6EDB00F2147B /* Defaults.plist in Resources */ = {isa = PBXBuildFile; fileRef = 8AB0C56F119A6EDB00F2147B /* Defaults.plist */; };
		8AB1BFF2119CEC8F00E326EE /* Console.m in Sources */ = {isa = PBXBuildFile; fileRef = 8AB1BFF1119CEC8F00E326EE /* Console.m */; };
		8AB1BFF5119CECB800E326EE /* Console.xib in Resources */ = {isa = PBXBuildFile; fileRef = 8AB1BFF4119CECB800E326EE /* Console.xib */; };
		8AE6F84E119910A600A24D7D /* ConsoleView.m in Sources */ = {isa = PBXBuildFile; fileRef = 8AE6F84D119910A600A24D7D /* ConsoleView.m */; };
		8AE9FE2E1197D2360097783C /* Hicon-Cabal.icns in Resources */ = {isa = PBXBuildFile; fileRef = 8AE9FE2B1197D2360097783C /* Hicon-Cabal.icns */; };
		8AE9FE2F1197D2360097783C /* Hicon-HS.icns in Resources */ = {isa = PBXBuildFile; fileRef = 8AE9FE2C1197D2360097783C /* Hicon-HS.icns */; };
		8AE9FE301197D2360097783C /* Hicon-LHS.icns in Resources */ = {isa = PBXBuildFile; fileRef = 8AE9FE2D1197D2360097783C /* Hicon-LHS.icns */; };
		8AEE1868117F8EF500DCD7F4 /* CodeLineNumberView.m in Sources */ = {isa = PBXBuildFile; fileRef = 8AEE1865117F8EF500DCD7F4 /* CodeLineNumberView.m */; };
		8AEE1869117F8EF500DCD7F4 /* CodeLineNumberMarker.m in Sources */ = {isa = PBXBuildFile; fileRef = 8AEE1866117F8EF500DCD7F4 /* CodeLineNumberMarker.m */; };
		8AEE19A411801EDD00DCD7F4 /* README.markdown in Resources */ = {isa = PBXBuildFile; fileRef = 8AEE19A311801EDD00DCD7F4 /* README.markdown */; };
		8AEF920C117AC2FF006AAECC /* BWToolkitFramework.framework in Frameworks */ = {isa = PBXBuildFile; fileRef = 8AEF920B117AC2FF006AAECC /* BWToolkitFramework.framework */; };
		8AEF923D117AC302006AAECC /* BWToolkitFramework.framework in Copy Frameworks */ = {isa = PBXBuildFile; fileRef = 8AEF920B117AC2FF006AAECC /* BWToolkitFramework.framework */; };
		8D15AC2C0486D014006FF6A4 /* Credits.rtf in Resources */ = {isa = PBXBuildFile; fileRef = 2A37F4B9FDCFA73011CA2CEA /* Credits.rtf */; };
		8D15AC2F0486D014006FF6A4 /* InfoPlist.strings in Resources */ = {isa = PBXBuildFile; fileRef = 089C165FFE840EACC02AAC07 /* InfoPlist.strings */; };
		8D15AC310486D014006FF6A4 /* CabalDocument.m in Sources */ = {isa = PBXBuildFile; fileRef = 2A37F4ACFDCFA73011CA2CEA /* CabalDocument.m */; settings = {ATTRIBUTES = (); }; };
		8D15AC320486D014006FF6A4 /* main.m in Sources */ = {isa = PBXBuildFile; fileRef = 2A37F4B0FDCFA73011CA2CEA /* main.m */; settings = {ATTRIBUTES = (); }; };
		8D15AC340486D014006FF6A4 /* Cocoa.framework in Frameworks */ = {isa = PBXBuildFile; fileRef = 1058C7A7FEA54F5311CA2CBB /* Cocoa.framework */; };
/* End PBXBuildFile section */

/* Begin PBXCopyFilesBuildPhase section */
		8A247CB311792CFA008E7210 /* Copy Frameworks */ = {
			isa = PBXCopyFilesBuildPhase;
			buildActionMask = 2147483647;
			dstPath = "";
			dstSubfolderSpec = 10;
			files = (
				8AEF923D117AC302006AAECC /* BWToolkitFramework.framework in Copy Frameworks */,
			);
			name = "Copy Frameworks";
			runOnlyForDeploymentPostprocessing = 0;
		};
/* End PBXCopyFilesBuildPhase section */

/* Begin PBXFileReference section */
		089C1660FE840EACC02AAC07 /* InfoPlist.strings */ = {isa = PBXFileReference; fileEncoding = 4; lastKnownFileType = text.plist.strings; name = InfoPlist.strings; path = Resources/English.lproj/InfoPlist.strings; sourceTree = "<group>"; };
		1058C7A7FEA54F5311CA2CBB /* Cocoa.framework */ = {isa = PBXFileReference; lastKnownFileType = wrapper.framework; name = Cocoa.framework; path = /System/Library/Frameworks/Cocoa.framework; sourceTree = "<absolute>"; };
		13E42FBA07B3F13500E4EEF1 /* CoreData.framework */ = {isa = PBXFileReference; lastKnownFileType = wrapper.framework; name = CoreData.framework; path = /System/Library/Frameworks/CoreData.framework; sourceTree = "<absolute>"; };
		1DDD58290DA1D0D100B32029 /* HaskellDocument.xib */ = {isa = PBXFileReference; lastKnownFileType = file.xib; name = HaskellDocument.xib; path = Resources/English.lproj/HaskellDocument.xib; sourceTree = "<group>"; };
		1DDD582B0DA1D0D100B32029 /* MainMenu.xib */ = {isa = PBXFileReference; lastKnownFileType = file.xib; name = MainMenu.xib; path = Resources/English.lproj/MainMenu.xib; sourceTree = "<group>"; };
		2564AD2C0F5327BB00F57823 /* Hcode_Prefix.pch */ = {isa = PBXFileReference; fileEncoding = 4; lastKnownFileType = sourcecode.c.h; name = Hcode_Prefix.pch; path = Source/Hcode_Prefix.pch; sourceTree = "<group>"; };
		2A37F4ACFDCFA73011CA2CEA /* CabalDocument.m */ = {isa = PBXFileReference; fileEncoding = 4; lastKnownFileType = sourcecode.c.objc; name = CabalDocument.m; path = Source/CabalDocument.m; sourceTree = "<group>"; };
		2A37F4AEFDCFA73011CA2CEA /* CabalDocument.h */ = {isa = PBXFileReference; fileEncoding = 4; lastKnownFileType = sourcecode.c.h; name = CabalDocument.h; path = Source/CabalDocument.h; sourceTree = "<group>"; };
		2A37F4B0FDCFA73011CA2CEA /* main.m */ = {isa = PBXFileReference; fileEncoding = 4; lastKnownFileType = sourcecode.c.objc; name = main.m; path = Source/main.m; sourceTree = "<group>"; };
		2A37F4BAFDCFA73011CA2CEA /* Credits.rtf */ = {isa = PBXFileReference; lastKnownFileType = text.rtf; name = Credits.rtf; path = Resources/English.lproj/Credits.rtf; sourceTree = "<group>"; };
		2A37F4C4FDCFA73011CA2CEA /* AppKit.framework */ = {isa = PBXFileReference; lastKnownFileType = wrapper.framework; name = AppKit.framework; path = /System/Library/Frameworks/AppKit.framework; sourceTree = "<absolute>"; };
		2A37F4C5FDCFA73011CA2CEA /* Foundation.framework */ = {isa = PBXFileReference; lastKnownFileType = wrapper.framework; name = Foundation.framework; path = /System/Library/Frameworks/Foundation.framework; sourceTree = "<absolute>"; };
		8A1EEA4611A1953800F97253 /* SynthesizeSingleton.h */ = {isa = PBXFileReference; fileEncoding = 4; lastKnownFileType = sourcecode.c.h; name = SynthesizeSingleton.h; path = Source/SynthesizeSingleton.h; sourceTree = "<group>"; };
		8A247C9811791D8E008E7210 /* LambdaIcon.icns */ = {isa = PBXFileReference; lastKnownFileType = image.icns; name = LambdaIcon.icns; path = Resources/LambdaIcon.icns; sourceTree = "<group>"; };
		8A247C9E11792AFB008E7210 /* hsfile.icns */ = {isa = PBXFileReference; lastKnownFileType = image.icns; name = hsfile.icns; path = Resources/hsfile.icns; sourceTree = "<group>"; };
		8A247C9F11792AFB008E7210 /* lhsFile.icns */ = {isa = PBXFileReference; lastKnownFileType = image.icns; name = lhsFile.icns; path = Resources/lhsFile.icns; sourceTree = "<group>"; };
		8A247CA411792BF9008E7210 /* HaskellDocument.h */ = {isa = PBXFileReference; fileEncoding = 4; lastKnownFileType = sourcecode.c.h; name = HaskellDocument.h; path = Source/HaskellDocument.h; sourceTree = "<group>"; };
		8A247CA511792BF9008E7210 /* HaskellDocument.m */ = {isa = PBXFileReference; fileEncoding = 4; lastKnownFileType = sourcecode.c.objc; name = HaskellDocument.m; path = Source/HaskellDocument.m; sourceTree = "<group>"; };
		8A247D0C11794EC1008E7210 /* HcodeDelegate.h */ = {isa = PBXFileReference; fileEncoding = 4; lastKnownFileType = sourcecode.c.h; name = HcodeDelegate.h; path = Source/HcodeDelegate.h; sourceTree = "<group>"; };
		8A247D0D11794EC1008E7210 /* HcodeDelegate.m */ = {isa = PBXFileReference; fileEncoding = 4; lastKnownFileType = sourcecode.c.objc; name = HcodeDelegate.m; path = Source/HcodeDelegate.m; sourceTree = "<group>"; };
		8A247D981179F1A8008E7210 /* CodeView.h */ = {isa = PBXFileReference; fileEncoding = 4; lastKnownFileType = sourcecode.c.h; name = CodeView.h; path = Source/CodeView.h; sourceTree = "<group>"; };
		8A247D991179F1A8008E7210 /* CodeView.m */ = {isa = PBXFileReference; fileEncoding = 4; lastKnownFileType = sourcecode.c.objc; name = CodeView.m; path = Source/CodeView.m; sourceTree = "<group>"; };
		8A4766C3119B219800B1AA85 /* Hicon-2.icns */ = {isa = PBXFileReference; lastKnownFileType = image.icns; name = "Hicon-2.icns"; path = "Resources/Hicon-2.icns"; sourceTree = "<group>"; };
		8A7857611187DD7D00FF8E98 /* Hicon.icns */ = {isa = PBXFileReference; lastKnownFileType = image.icns; name = Hicon.icns; path = Resources/Hicon.icns; sourceTree = "<group>"; };
		8AB0C56F119A6EDB00F2147B /* Defaults.plist */ = {isa = PBXFileReference; fileEncoding = 4; lastKnownFileType = text.plist.xml; name = Defaults.plist; path = Resources/Defaults.plist; sourceTree = "<group>"; };
		8AB1BFF0119CEC8F00E326EE /* Console.h */ = {isa = PBXFileReference; fileEncoding = 4; lastKnownFileType = sourcecode.c.h; name = Console.h; path = Source/Console.h; sourceTree = "<group>"; };
		8AB1BFF1119CEC8F00E326EE /* Console.m */ = {isa = PBXFileReference; fileEncoding = 4; lastKnownFileType = sourcecode.c.objc; name = Console.m; path = Source/Console.m; sourceTree = "<group>"; };
		8AB1BFF4119CECB800E326EE /* Console.xib */ = {isa = PBXFileReference; lastKnownFileType = file.xib; name = Console.xib; path = Resources/Console.xib; sourceTree = "<group>"; };
		8AE6F84C119910A600A24D7D /* ConsoleView.h */ = {isa = PBXFileReference; fileEncoding = 4; lastKnownFileType = sourcecode.c.h; name = ConsoleView.h; path = Source/ConsoleView.h; sourceTree = "<group>"; };
		8AE6F84D119910A600A24D7D /* ConsoleView.m */ = {isa = PBXFileReference; fileEncoding = 4; lastKnownFileType = sourcecode.c.objc; name = ConsoleView.m; path = Source/ConsoleView.m; sourceTree = "<group>"; };
		8AE9FE2B1197D2360097783C /* Hicon-Cabal.icns */ = {isa = PBXFileReference; lastKnownFileType = image.icns; name = "Hicon-Cabal.icns"; path = "Resources/Hicon-Cabal.icns"; sourceTree = "<group>"; };
		8AE9FE2C1197D2360097783C /* Hicon-HS.icns */ = {isa = PBXFileReference; lastKnownFileType = image.icns; name = "Hicon-HS.icns"; path = "Resources/Hicon-HS.icns"; sourceTree = "<group>"; };
		8AE9FE2D1197D2360097783C /* Hicon-LHS.icns */ = {isa = PBXFileReference; lastKnownFileType = image.icns; name = "Hicon-LHS.icns"; path = "Resources/Hicon-LHS.icns"; sourceTree = "<group>"; };
		8AEE1864117F8EF500DCD7F4 /* CodeLineNumberMarker.h */ = {isa = PBXFileReference; fileEncoding = 4; lastKnownFileType = sourcecode.c.h; name = CodeLineNumberMarker.h; path = Source/CodeLineNumberMarker.h; sourceTree = "<group>"; };
		8AEE1865117F8EF500DCD7F4 /* CodeLineNumberView.m */ = {isa = PBXFileReference; fileEncoding = 4; lastKnownFileType = sourcecode.c.objc; name = CodeLineNumberView.m; path = Source/CodeLineNumberView.m; sourceTree = "<group>"; };
		8AEE1866117F8EF500DCD7F4 /* CodeLineNumberMarker.m */ = {isa = PBXFileReference; fileEncoding = 4; lastKnownFileType = sourcecode.c.objc; name = CodeLineNumberMarker.m; path = Source/CodeLineNumberMarker.m; sourceTree = "<group>"; };
		8AEE1867117F8EF500DCD7F4 /* CodeLineNumberView.h */ = {isa = PBXFileReference; fileEncoding = 4; lastKnownFileType = sourcecode.c.h; name = CodeLineNumberView.h; path = Source/CodeLineNumberView.h; sourceTree = "<group>"; };
		8AEE19A311801EDD00DCD7F4 /* README.markdown */ = {isa = PBXFileReference; fileEncoding = 4; lastKnownFileType = text; path = README.markdown; sourceTree = "<group>"; };
		8AEF920B117AC2FF006AAECC /* BWToolkitFramework.framework */ = {isa = PBXFileReference; lastKnownFileType = wrapper.framework; name = BWToolkitFramework.framework; path = Frameworks/BWToolkitFramework.framework; sourceTree = "<group>"; };
		8D15AC360486D014006FF6A4 /* Hcode-Info.plist */ = {isa = PBXFileReference; fileEncoding = 4; lastKnownFileType = text.plist.xml; name = "Hcode-Info.plist"; path = "Resources/Hcode-Info.plist"; sourceTree = "<group>"; };
		8D15AC370486D014006FF6A4 /* Hcode.app */ = {isa = PBXFileReference; explicitFileType = wrapper.application; includeInIndex = 0; path = Hcode.app; sourceTree = BUILT_PRODUCTS_DIR; };
/* End PBXFileReference section */

/* Begin PBXFrameworksBuildPhase section */
		8D15AC330486D014006FF6A4 /* Frameworks */ = {
			isa = PBXFrameworksBuildPhase;
			buildActionMask = 2147483647;
			files = (
				8D15AC340486D014006FF6A4 /* Cocoa.framework in Frameworks */,
				8AEF920C117AC2FF006AAECC /* BWToolkitFramework.framework in Frameworks */,
			);
			runOnlyForDeploymentPostprocessing = 0;
		};
/* End PBXFrameworksBuildPhase section */

/* Begin PBXGroup section */
		1058C7A6FEA54F5311CA2CBB /* Linked Frameworks */ = {
			isa = PBXGroup;
			children = (
				1058C7A7FEA54F5311CA2CBB /* Cocoa.framework */,
			);
			name = "Linked Frameworks";
			sourceTree = "<group>";
		};
		1058C7A8FEA54F5311CA2CBB /* Other Frameworks */ = {
			isa = PBXGroup;
			children = (
				2A37F4C4FDCFA73011CA2CEA /* AppKit.framework */,
				13E42FBA07B3F13500E4EEF1 /* CoreData.framework */,
				2A37F4C5FDCFA73011CA2CEA /* Foundation.framework */,
			);
			name = "Other Frameworks";
			sourceTree = "<group>";
		};
		19C28FB0FE9D524F11CA2CBB /* Products */ = {
			isa = PBXGroup;
			children = (
				8D15AC370486D014006FF6A4 /* Hcode.app */,
			);
			name = Products;
			sourceTree = "<group>";
		};
		2A37F4AAFDCFA73011CA2CEA /* Hcode */ = {
			isa = PBXGroup;
			children = (
				8AEE19A311801EDD00DCD7F4 /* README.markdown */,
				2A37F4ABFDCFA73011CA2CEA /* Source */,
				2A37F4B8FDCFA73011CA2CEA /* Resources */,
				2A37F4C3FDCFA73011CA2CEA /* Frameworks */,
				19C28FB0FE9D524F11CA2CBB /* Products */,
			);
			name = Hcode;
			sourceTree = "<group>";
		};
		2A37F4ABFDCFA73011CA2CEA /* Source */ = {
			isa = PBXGroup;
			children = (
				8A247D971179F199008E7210 /* CodeView */,
				8A247CA311792BB3008E7210 /* Haskell File */,
				8A247CA211792BAA008E7210 /* Project File */,
				8AE6F850119910AB00A24D7D /* Console */,
				2A37F4AFFDCFA73011CA2CEA /* Other Sources */,
			);
			name = Source;
			sourceTree = "<group>";
		};
		2A37F4AFFDCFA73011CA2CEA /* Other Sources */ = {
			isa = PBXGroup;
			children = (
				8A1EEA4611A1953800F97253 /* SynthesizeSingleton.h */,
				2564AD2C0F5327BB00F57823 /* Hcode_Prefix.pch */,
				2A37F4B0FDCFA73011CA2CEA /* main.m */,
				8A247D0C11794EC1008E7210 /* HcodeDelegate.h */,
				8A247D0D11794EC1008E7210 /* HcodeDelegate.m */,
			);
			name = "Other Sources";
			sourceTree = "<group>";
		};
		2A37F4B8FDCFA73011CA2CEA /* Resources */ = {
			isa = PBXGroup;
			children = (
				8A4766C3119B219800B1AA85 /* Hicon-2.icns */,
				8AE9FE2B1197D2360097783C /* Hicon-Cabal.icns */,
				8AE9FE2C1197D2360097783C /* Hicon-HS.icns */,
				8AE9FE2D1197D2360097783C /* Hicon-LHS.icns */,
				8A7857611187DD7D00FF8E98 /* Hicon.icns */,
				8A247C9E11792AFB008E7210 /* hsfile.icns */,
				8A247C9F11792AFB008E7210 /* lhsFile.icns */,
				8A247C9811791D8E008E7210 /* LambdaIcon.icns */,
				2A37F4B9FDCFA73011CA2CEA /* Credits.rtf */,
				8D15AC360486D014006FF6A4 /* Hcode-Info.plist */,
				089C165FFE840EACC02AAC07 /* InfoPlist.strings */,
				1DDD58280DA1D0D100B32029 /* HaskellDocument.xib */,
				1DDD582A0DA1D0D100B32029 /* MainMenu.xib */,
				8AB0C56F119A6EDB00F2147B /* Defaults.plist */,
				8AB1BFF4119CECB800E326EE /* Console.xib */,
			);
			name = Resources;
			sourceTree = "<group>";
		};
		2A37F4C3FDCFA73011CA2CEA /* Frameworks */ = {
			isa = PBXGroup;
			children = (
				8AEF920B117AC2FF006AAECC /* BWToolkitFramework.framework */,
				1058C7A6FEA54F5311CA2CBB /* Linked Frameworks */,
				1058C7A8FEA54F5311CA2CBB /* Other Frameworks */,
			);
			name = Frameworks;
			sourceTree = "<group>";
		};
		8A247CA211792BAA008E7210 /* Project File */ = {
			isa = PBXGroup;
			children = (
				2A37F4AEFDCFA73011CA2CEA /* CabalDocument.h */,
				2A37F4ACFDCFA73011CA2CEA /* CabalDocument.m */,
			);
			name = "Project File";
			sourceTree = "<group>";
		};
		8A247CA311792BB3008E7210 /* Haskell File */ = {
			isa = PBXGroup;
			children = (
				8A247CA411792BF9008E7210 /* HaskellDocument.h */,
				8A247CA511792BF9008E7210 /* HaskellDocument.m */,
			);
			name = "Haskell File";
			sourceTree = "<group>";
		};
		8A247D971179F199008E7210 /* CodeView */ = {
			isa = PBXGroup;
			children = (
				8A247D981179F1A8008E7210 /* CodeView.h */,
				8A247D991179F1A8008E7210 /* CodeView.m */,
				8AEE1864117F8EF500DCD7F4 /* CodeLineNumberMarker.h */,
				8AEE1866117F8EF500DCD7F4 /* CodeLineNumberMarker.m */,
				8AEE1867117F8EF500DCD7F4 /* CodeLineNumberView.h */,
				8AEE1865117F8EF500DCD7F4 /* CodeLineNumberView.m */,
			);
			name = CodeView;
			sourceTree = "<group>";
		};
		8AE6F850119910AB00A24D7D /* Console */ = {
			isa = PBXGroup;
			children = (
				8AE6F84C119910A600A24D7D /* ConsoleView.h */,
				8AE6F84D119910A600A24D7D /* ConsoleView.m */,
				8AB1BFF0119CEC8F00E326EE /* Console.h */,
				8AB1BFF1119CEC8F00E326EE /* Console.m */,
			);
			name = Console;
			sourceTree = "<group>";
		};
/* End PBXGroup section */

/* Begin PBXNativeTarget section */
		8D15AC270486D014006FF6A4 /* Hcode */ = {
			isa = PBXNativeTarget;
			buildConfigurationList = C05733C708A9546B00998B17 /* Build configuration list for PBXNativeTarget "Hcode" */;
			buildPhases = (
				8D15AC2B0486D014006FF6A4 /* Resources */,
				8D15AC300486D014006FF6A4 /* Sources */,
				8D15AC330486D014006FF6A4 /* Frameworks */,
				8A247CB311792CFA008E7210 /* Copy Frameworks */,
			);
			buildRules = (
			);
			dependencies = (
			);
			name = Hcode;
			productInstallPath = "$(HOME)/Applications";
			productName = Hcode;
			productReference = 8D15AC370486D014006FF6A4 /* Hcode.app */;
			productType = "com.apple.product-type.application";
		};
/* End PBXNativeTarget section */

/* Begin PBXProject section */
		2A37F4A9FDCFA73011CA2CEA /* Project object */ = {
			isa = PBXProject;
			buildConfigurationList = C05733CB08A9546B00998B17 /* Build configuration list for PBXProject "Hcode" */;
			compatibilityVersion = "Xcode 3.1";
			hasScannedForEncodings = 1;
			mainGroup = 2A37F4AAFDCFA73011CA2CEA /* Hcode */;
			projectDirPath = "";
			projectRoot = "";
			targets = (
				8D15AC270486D014006FF6A4 /* Hcode */,
			);
		};
/* End PBXProject section */

/* Begin PBXResourcesBuildPhase section */
		8D15AC2B0486D014006FF6A4 /* Resources */ = {
			isa = PBXResourcesBuildPhase;
			buildActionMask = 2147483647;
			files = (
				8D15AC2C0486D014006FF6A4 /* Credits.rtf in Resources */,
				8D15AC2F0486D014006FF6A4 /* InfoPlist.strings in Resources */,
				1DDD582C0DA1D0D100B32029 /* HaskellDocument.xib in Resources */,
				1DDD582D0DA1D0D100B32029 /* MainMenu.xib in Resources */,
				8A247C9911791D8E008E7210 /* LambdaIcon.icns in Resources */,
				8A247CA011792AFB008E7210 /* hsfile.icns in Resources */,
				8A247CA111792AFB008E7210 /* lhsFile.icns in Resources */,
				8AEE19A411801EDD00DCD7F4 /* README.markdown in Resources */,
				8A7857621187DD7D00FF8E98 /* Hicon.icns in Resources */,
				8AE9FE2E1197D2360097783C /* Hicon-Cabal.icns in Resources */,
				8AE9FE2F1197D2360097783C /* Hicon-HS.icns in Resources */,
				8AE9FE301197D2360097783C /* Hicon-LHS.icns in Resources */,
				8AB0C570119A6EDB00F2147B /* Defaults.plist in Resources */,
				8A4766C4119B219800B1AA85 /* Hicon-2.icns in Resources */,
				8AB1BFF5119CECB800E326EE /* Console.xib in Resources */,
			);
			runOnlyForDeploymentPostprocessing = 0;
		};
/* End PBXResourcesBuildPhase section */

/* Begin PBXSourcesBuildPhase section */
		8D15AC300486D014006FF6A4 /* Sources */ = {
			isa = PBXSourcesBuildPhase;
			buildActionMask = 2147483647;
			files = (
				8D15AC310486D014006FF6A4 /* CabalDocument.m in Sources */,
				8D15AC320486D014006FF6A4 /* main.m in Sources */,
				8A247CA611792BF9008E7210 /* HaskellDocument.m in Sources */,
				8A247D0E11794EC1008E7210 /* HcodeDelegate.m in Sources */,
				8A247D9A1179F1A8008E7210 /* CodeView.m in Sources */,
				8AEE1868117F8EF500DCD7F4 /* CodeLineNumberView.m in Sources */,
				8AEE1869117F8EF500DCD7F4 /* CodeLineNumberMarker.m in Sources */,
				8AE6F84E119910A600A24D7D /* ConsoleView.m in Sources */,
				8AB1BFF2119CEC8F00E326EE /* Console.m in Sources */,
			);
			runOnlyForDeploymentPostprocessing = 0;
		};
/* End PBXSourcesBuildPhase section */

/* Begin PBXVariantGroup section */
		089C165FFE840EACC02AAC07 /* InfoPlist.strings */ = {
			isa = PBXVariantGroup;
			children = (
				089C1660FE840EACC02AAC07 /* InfoPlist.strings */,
			);
			name = InfoPlist.strings;
			sourceTree = "<group>";
		};
		1DDD58280DA1D0D100B32029 /* HaskellDocument.xib */ = {
			isa = PBXVariantGroup;
			children = (
				1DDD58290DA1D0D100B32029 /* HaskellDocument.xib */,
			);
			name = HaskellDocument.xib;
			sourceTree = "<group>";
		};
		1DDD582A0DA1D0D100B32029 /* MainMenu.xib */ = {
			isa = PBXVariantGroup;
			children = (
				1DDD582B0DA1D0D100B32029 /* MainMenu.xib */,
			);
			name = MainMenu.xib;
			sourceTree = "<group>";
		};
		2A37F4B9FDCFA73011CA2CEA /* Credits.rtf */ = {
			isa = PBXVariantGroup;
			children = (
				2A37F4BAFDCFA73011CA2CEA /* Credits.rtf */,
			);
			name = Credits.rtf;
			sourceTree = "<group>";
		};
/* End PBXVariantGroup section */

/* Begin XCBuildConfiguration section */
		C05733C808A9546B00998B17 /* Debug */ = {
			isa = XCBuildConfiguration;
			buildSettings = {
				ALWAYS_SEARCH_USER_PATHS = NO;
				COPY_PHASE_STRIP = NO;
				FRAMEWORK_SEARCH_PATHS = (
					"$(inherited)",
					"\"$(SRCROOT)/../../Downloads/BWToolkit\"",
					"\"$(SRCROOT)\"",
					"\"$(SRCROOT)/Frameworks\"",
				);
				GCC_DYNAMIC_NO_PIC = NO;
				GCC_ENABLE_FIX_AND_CONTINUE = YES;
				GCC_MODEL_TUNING = G5;
				GCC_OPTIMIZATION_LEVEL = 0;
				GCC_PRECOMPILE_PREFIX_HEADER = YES;
				GCC_PREFIX_HEADER = Source/Hcode_Prefix.pch;
				INFOPLIST_FILE = "Resources/Hcode-Info.plist";
				INSTALL_PATH = "$(HOME)/Applications";
				PRODUCT_NAME = Hcode;
			};
			name = Debug;
		};
		C05733C908A9546B00998B17 /* Release */ = {
			isa = XCBuildConfiguration;
			buildSettings = {
				ALWAYS_SEARCH_USER_PATHS = NO;
				DEBUG_INFORMATION_FORMAT = "dwarf-with-dsym";
				FRAMEWORK_SEARCH_PATHS = (
					"$(inherited)",
					"\"$(SRCROOT)/../../Downloads/BWToolkit\"",
					"\"$(SRCROOT)\"",
					"\"$(SRCROOT)/Frameworks\"",
				);
				GCC_MODEL_TUNING = G5;
				GCC_PRECOMPILE_PREFIX_HEADER = YES;
				GCC_PREFIX_HEADER = Source/Hcode_Prefix.pch;
				INFOPLIST_FILE = "Resources/Hcode-Info.plist";
				INSTALL_PATH = "$(HOME)/Applications";
				PRODUCT_NAME = Hcode;
			};
			name = Release;
		};
		C05733CC08A9546B00998B17 /* Debug */ = {
			isa = XCBuildConfiguration;
			buildSettings = {
				ARCHS = "$(ARCHS_STANDARD_32_64_BIT)";
				CODE_SIGN_IDENTITY = "Don't Code Sign";
				CURRENT_PROJECT_VERSION = 0.1a;
				GCC_C_LANGUAGE_STANDARD = gnu99;
				GCC_ENABLE_OBJC_GC = supported;
				GCC_OPTIMIZATION_LEVEL = 0;
				GCC_WARN_ABOUT_RETURN_TYPE = YES;
				GCC_WARN_UNUSED_VARIABLE = YES;
				ONLY_ACTIVE_ARCH = YES;
				PREBINDING = NO;
				SDKROOT = macosx10.6;
				VALID_ARCHS = "i386 x86_64";
				VERSIONING_SYSTEM = "apple-generic";
			};
			name = Debug;
		};
		C05733CD08A9546B00998B17 /* Release */ = {
			isa = XCBuildConfiguration;
			buildSettings = {
				ARCHS = "$(ARCHS_STANDARD_32_64_BIT)";
				CODE_SIGN_IDENTITY = "Don't Code Sign";
				CURRENT_PROJECT_VERSION = 0.1a;
				GCC_C_LANGUAGE_STANDARD = gnu99;
				GCC_WARN_ABOUT_RETURN_TYPE = YES;
				GCC_WARN_UNUSED_VARIABLE = YES;
				PREBINDING = NO;
				SDKROOT = macosx10.6;
				VERSIONING_SYSTEM = "apple-generic";
			};
			name = Release;
		};
/* End XCBuildConfiguration section */

/* Begin XCConfigurationList section */
		C05733C708A9546B00998B17 /* Build configuration list for PBXNativeTarget "Hcode" */ = {
			isa = XCConfigurationList;
			buildConfigurations = (
				C05733C808A9546B00998B17 /* Debug */,
				C05733C908A9546B00998B17 /* Release */,
			);
			defaultConfigurationIsVisible = 0;
			defaultConfigurationName = Release;
		};
		C05733CB08A9546B00998B17 /* Build configuration list for PBXProject "Hcode" */ = {
			isa = XCConfigurationList;
			buildConfigurations = (
				C05733CC08A9546B00998B17 /* Debug */,
				C05733CD08A9546B00998B17 /* Release */,
			);
			defaultConfigurationIsVisible = 0;
			defaultConfigurationName = Release;
		};
/* End XCConfigurationList section */
	};
	rootObject = 2A37F4A9FDCFA73011CA2CEA /* Project object */;
}
